
Microsoft Visual Studio Solution File, Format Version 12.00
# Visual Studio Version 16
VisualStudioVersion = 16.0.29001.49
MinimumVisualStudioVersion = 10.0.40219.1
Project("{FAE04EC0-301F-11D3-BF4B-00C04F79EFBC}") = "Unit_Testing", "Unit_Testing\Unit_Testing.csproj", "{86F4C26E-AEF3-48BA-A7DA-9F05D695B3B4}"
EndProject
Project("{FAE04EC0-301F-11D3-BF4B-00C04F79EFBC}") = "BankTest", "BankTest\BankTest.csproj", "{069459C8-C2BD-4BFC-A8A5-872BF8D73A83}"
EndProject
Global
	GlobalSection(SolutionConfigurationPlatforms) = preSolution
		Debug|Any CPU = Debug|Any CPU
		Release|Any CPU = Release|Any CPU
	EndGlobalSection
	GlobalSection(ProjectConfigurationPlatforms) = postSolution
		{86F4C26E-AEF3-48BA-A7DA-9F05D695B3B4}.Debug|Any CPU.ActiveCfg = Debug|Any CPU
		{86F4C26E-AEF3-48BA-A7DA-9F05D695B3B4}.Debug|Any CPU.Build.0 = Debug|Any CPU
		{86F4C26E-AEF3-48BA-A7DA-9F05D695B3B4}.Release|Any CPU.ActiveCfg = Release|Any CPU
		{86F4C26E-AEF3-48BA-A7DA-9F05D695B3B4}.Release|Any CPU.Build.0 = Release|Any CPU
		{069459C8-C2BD-4BFC-A8A5-872BF8D73A83}.Debug|Any CPU.ActiveCfg = Debug|Any CPU
		{069459C8-C2BD-4BFC-A8A5-872BF8D73A83}.Debug|Any CPU.Build.0 = Debug|Any CPU
		{069459C8-C2BD-4BFC-A8A5-872BF8D73A83}.Release|Any CPU.ActiveCfg = Release|Any CPU
		{069459C8-C2BD-4BFC-A8A5-872BF8D73A83}.Release|Any CPU.Build.0 = Release|Any CPU
	EndGlobalSection
	GlobalSection(SolutionProperties) = preSolution
		HideSolutionNode = FALSE
	EndGlobalSection
	GlobalSection(ExtensibilityGlobals) = postSolution
		SolutionGuid = {53247444-E97A-41DD-B36E-8320F075F5ED}
	EndGlobalSection
EndGlobal
